
Microsoft Visual Studio Solution File, Format Version 12.00
# Visual Studio 14
VisualStudioVersion = 14.0.25123.0
MinimumVisualStudioVersion = 10.0.40219.1
Project("{2150E333-8FDC-42A3-9474-1A3956D46DE8}") = "Common", "Common", "{3556E92C-B151-4D9F-A67E-612B60449538}"
EndProject
Project("{FAE04EC0-301F-11D3-BF4B-00C04F79EFBC}") = "IndiaRose.Business", "Common\IndiaRose.Business\IndiaRose.Business.csproj", "{A97AC8D7-A77E-4E99-973E-AEDEFDC711A5}"
EndProject
Project("{FAE04EC0-301F-11D3-BF4B-00C04F79EFBC}") = "IndiaRose.Data", "Common\IndiaRose.Data\IndiaRose.Data.csproj", "{4C9DE63B-DA7F-4E65-8638-A4953F4A07E0}"
EndProject
Project("{FAE04EC0-301F-11D3-BF4B-00C04F79EFBC}") = "IndiaRose.Framework", "Common\IndiaRose.Framework\IndiaRose.Framework.csproj", "{0423E61F-EBFF-4CAC-B3E6-AB446E4DA4C8}"
EndProject
Project("{FAE04EC0-301F-11D3-BF4B-00C04F79EFBC}") = "IndiaRose.Interfaces", "Common\IndiaRose.Interfaces\IndiaRose.Interfaces.csproj", "{4A1F6C63-F97F-4E4B-A20C-8842CC486670}"
EndProject
Project("{FAE04EC0-301F-11D3-BF4B-00C04F79EFBC}") = "IndiaRose.Services", "Common\IndiaRose.Services\IndiaRose.Services.csproj", "{D5E65CC0-2F09-47FC-AA26-74FC9E43DE01}"
EndProject
Project("{FAE04EC0-301F-11D3-BF4B-00C04F79EFBC}") = "IndiaRose.Storage.Sqlite", "Common\IndiaRose.Storage.Sqlite\IndiaRose.Storage.Sqlite.csproj", "{7264F4CF-E626-4069-B5A1-87D1D51EB3D9}"
EndProject
Project("{2150E333-8FDC-42A3-9474-1A3956D46DE8}") = "Android", "Android", "{6EB781FC-B323-4676-AF09-C24226F7B940}"
EndProject
Project("{FAE04EC0-301F-11D3-BF4B-00C04F79EFBC}") = "Application.Android", "Android\Application.Android\Application.Android.csproj", "{D2010AC3-D809-4C3B-8DBD-4C06D506E1E0}"
EndProject
Project("{FAE04EC0-301F-11D3-BF4B-00C04F79EFBC}") = "Framework.Android", "Android\Framework.Android\Framework.Android.csproj", "{A927A4B2-E383-4C4A-A1E8-1C4A0E53E093}"
EndProject
Project("{FAE04EC0-301F-11D3-BF4B-00C04F79EFBC}") = "Services.Android", "Android\Services.Android\Services.Android.csproj", "{888E0F53-9F3E-4DE3-9AB4-50283D005717}"
EndProject
Project("{2150E333-8FDC-42A3-9474-1A3956D46DE8}") = "Windows8", "Windows8", "{414A1D59-AB9F-43E7-A04C-0296181F0299}"
EndProject
Project("{FAE04EC0-301F-11D3-BF4B-00C04F79EFBC}") = "Application.Tablet", "Windows8\Application.Tablet\Application.Tablet.csproj", "{D8C9D71D-8A33-4D76-9CEB-B3458D8EEBC3}"
EndProject
Project("{FAE04EC0-301F-11D3-BF4B-00C04F79EFBC}") = "Framework.Tablet", "Windows8\Framework.Tablet\Framework.Tablet.csproj", "{A2448BAE-7138-442B-8959-9FC6FD2913F5}"
	ProjectSection(ProjectDependencies) = postProject
		{4C9DE63B-DA7F-4E65-8638-A4953F4A07E0} = {4C9DE63B-DA7F-4E65-8638-A4953F4A07E0}
	EndProjectSection
EndProject
Project("{FAE04EC0-301F-11D3-BF4B-00C04F79EFBC}") = "Services.Tablet", "Windows8\Services.Tablet\Services.Tablet.csproj", "{E00242D8-25FB-4A15-A20D-FD40B86E875F}"
	ProjectSection(ProjectDependencies) = postProject
		{0423E61F-EBFF-4CAC-B3E6-AB446E4DA4C8} = {0423E61F-EBFF-4CAC-B3E6-AB446E4DA4C8}
	EndProjectSection
EndProject
Project("{2150E333-8FDC-42A3-9474-1A3956D46DE8}") = ".nuget", ".nuget", "{89B927AF-7FA0-4F60-810F-0ADE13FA8749}"
	ProjectSection(SolutionItems) = preProject
		.nuget\NuGet.Config = .nuget\NuGet.Config
		.nuget\NuGet.exe = .nuget\NuGet.exe
		.nuget\NuGet.targets = .nuget\NuGet.targets
	EndProjectSection
EndProject
Project("{2150E333-8FDC-42A3-9474-1A3956D46DE8}") = "Resources", "Resources", "{FE0561B4-CBBA-40BB-A29F-004F66219127}"
EndProject
Project("{2150E333-8FDC-42A3-9474-1A3956D46DE8}") = "fr", "fr", "{8139E752-9297-4EAD-A7F9-4C1617BA8012}"
	ProjectSection(SolutionItems) = preProject
		Resources\fr\Resources.resw = Resources\fr\Resources.resw
	EndProjectSection
EndProject
Project("{2150E333-8FDC-42A3-9474-1A3956D46DE8}") = "en", "en", "{F9CFB966-0740-4611-B4C8-EE3C12B44C18}"
	ProjectSection(SolutionItems) = preProject
		Resources\en\Resources.resw = Resources\en\Resources.resw
	EndProjectSection
EndProject
Project("{2150E333-8FDC-42A3-9474-1A3956D46DE8}") = "icon", "icon", "{52AAEEFD-171D-4C7A-A1B8-27E23F3A4D47}"
	ProjectSection(SolutionItems) = preProject
		..\..\..\..\Desktop\icon indiarose\icon\logo india rose.psd = ..\..\..\..\Desktop\icon indiarose\icon\logo india rose.psd
	EndProjectSection
EndProject
Project("{2150E333-8FDC-42A3-9474-1A3956D46DE8}") = "Android", "Android", "{1933AA40-BE2F-4454-84B8-53CE6787A050}"
EndProject
Project("{2150E333-8FDC-42A3-9474-1A3956D46DE8}") = "Admin", "Admin", "{BE01E981-91DD-49E8-9B7B-3B3C493F29A7}"
	ProjectSection(SolutionItems) = preProject
		..\..\..\..\Desktop\icon indiarose\icon\Android\Admin\150.png = ..\..\..\..\Desktop\icon indiarose\icon\Android\Admin\150.png
		..\..\..\..\Desktop\icon indiarose\icon\Android\Admin\30.png = ..\..\..\..\Desktop\icon indiarose\icon\Android\Admin\30.png
		..\..\..\..\Desktop\icon indiarose\icon\Android\Admin\50.png = ..\..\..\..\Desktop\icon indiarose\icon\Android\Admin\50.png
		..\..\..\..\Desktop\icon indiarose\icon\Android\Admin\70.png = ..\..\..\..\Desktop\icon indiarose\icon\Android\Admin\70.png
	EndProjectSection
EndProject
Project("{2150E333-8FDC-42A3-9474-1A3956D46DE8}") = "User", "User", "{77B10E7C-AA0D-4727-B645-375DB330ACA2}"
	ProjectSection(SolutionItems) = preProject
		..\..\..\..\Desktop\icon indiarose\icon\Android\User\150.png = ..\..\..\..\Desktop\icon indiarose\icon\Android\User\150.png
		..\..\..\..\Desktop\icon indiarose\icon\Android\User\30.png = ..\..\..\..\Desktop\icon indiarose\icon\Android\User\30.png
		..\..\..\..\Desktop\icon indiarose\icon\Android\User\50.png = ..\..\..\..\Desktop\icon indiarose\icon\Android\User\50.png
		..\..\..\..\Desktop\icon indiarose\icon\Android\User\70.png = ..\..\..\..\Desktop\icon indiarose\icon\Android\User\70.png
	EndProjectSection
EndProject
Project("{2150E333-8FDC-42A3-9474-1A3956D46DE8}") = "Windows", "Windows", "{61803A4B-2645-41F9-9738-37D52F522B65}"
EndProject
Project("{2150E333-8FDC-42A3-9474-1A3956D46DE8}") = "Admin", "Admin", "{EE2900D4-B8F2-4C84-AD3C-CFF3B9737A2A}"
	ProjectSection(SolutionItems) = preProject
		..\..\..\..\Desktop\icon indiarose\icon\Windows\Admin\150.png = ..\..\..\..\Desktop\icon indiarose\icon\Windows\Admin\150.png
		..\..\..\..\Desktop\icon indiarose\icon\Windows\Admin\30.png = ..\..\..\..\Desktop\icon indiarose\icon\Windows\Admin\30.png
		..\..\..\..\Desktop\icon indiarose\icon\Windows\Admin\50.png = ..\..\..\..\Desktop\icon indiarose\icon\Windows\Admin\50.png
		..\..\..\..\Desktop\icon indiarose\icon\Windows\Admin\70.png = ..\..\..\..\Desktop\icon indiarose\icon\Windows\Admin\70.png
	EndProjectSection
EndProject
Project("{2150E333-8FDC-42A3-9474-1A3956D46DE8}") = "User", "User", "{556A1BAD-0953-4FE8-8554-65B391DDF456}"
	ProjectSection(SolutionItems) = preProject
		..\..\..\..\Desktop\icon indiarose\icon\Windows\User\150.png = ..\..\..\..\Desktop\icon indiarose\icon\Windows\User\150.png
		..\..\..\..\Desktop\icon indiarose\icon\Windows\User\30.png = ..\..\..\..\Desktop\icon indiarose\icon\Windows\User\30.png
		..\..\..\..\Desktop\icon indiarose\icon\Windows\User\50.png = ..\..\..\..\Desktop\icon indiarose\icon\Windows\User\50.png
		..\..\..\..\Desktop\icon indiarose\icon\Windows\User\70.png = ..\..\..\..\Desktop\icon indiarose\icon\Windows\User\70.png
	EndProjectSection
EndProject
Project("{2150E333-8FDC-42A3-9474-1A3956D46DE8}") = "Windows10", "Windows10", "{CDD582E1-A878-4722-939F-56D42DFD15EC}"
EndProject
Project("{FAE04EC0-301F-11D3-BF4B-00C04F79EFBC}") = "Application.Tablet", "Application.Tablet\Application.Tablet.csproj", "{AD7C7A5A-05DE-4432-A489-8F9999324858}"
EndProject
Project("{FAE04EC0-301F-11D3-BF4B-00C04F79EFBC}") = "Framework.Tablet", "Framework.Tablet\Framework.Tablet.csproj", "{4DBCF32B-032D-4064-A43A-D008C6F9DF11}"
EndProject
Project("{FAE04EC0-301F-11D3-BF4B-00C04F79EFBC}") = "Services.Tablet", "Services.Tablet\Services.Tablet.csproj", "{0FE305C6-F7A3-46AD-BC5B-1D3C89757793}"
EndProject
Global
	GlobalSection(SolutionConfigurationPlatforms) = preSolution
		Debug|Any CPU = Debug|Any CPU
		Debug|ARM = Debug|ARM
		Debug|x64 = Debug|x64
		Debug|x86 = Debug|x86
		Release|Any CPU = Release|Any CPU
		Release|ARM = Release|ARM
		Release|x64 = Release|x64
		Release|x86 = Release|x86
	EndGlobalSection
	GlobalSection(ProjectConfigurationPlatforms) = postSolution
		{A97AC8D7-A77E-4E99-973E-AEDEFDC711A5}.Debug|Any CPU.ActiveCfg = Debug|Any CPU
		{A97AC8D7-A77E-4E99-973E-AEDEFDC711A5}.Debug|Any CPU.Build.0 = Debug|Any CPU
		{A97AC8D7-A77E-4E99-973E-AEDEFDC711A5}.Debug|Any CPU.Deploy.0 = Debug|Any CPU
		{A97AC8D7-A77E-4E99-973E-AEDEFDC711A5}.Debug|ARM.ActiveCfg = Debug|Any CPU
		{A97AC8D7-A77E-4E99-973E-AEDEFDC711A5}.Debug|ARM.Build.0 = Debug|Any CPU
		{A97AC8D7-A77E-4E99-973E-AEDEFDC711A5}.Debug|x64.ActiveCfg = Debug|Any CPU
		{A97AC8D7-A77E-4E99-973E-AEDEFDC711A5}.Debug|x64.Build.0 = Debug|Any CPU
		{A97AC8D7-A77E-4E99-973E-AEDEFDC711A5}.Debug|x86.ActiveCfg = Debug|Any CPU
		{A97AC8D7-A77E-4E99-973E-AEDEFDC711A5}.Debug|x86.Build.0 = Debug|Any CPU
		{A97AC8D7-A77E-4E99-973E-AEDEFDC711A5}.Release|Any CPU.ActiveCfg = Release|Any CPU
		{A97AC8D7-A77E-4E99-973E-AEDEFDC711A5}.Release|Any CPU.Build.0 = Release|Any CPU
		{A97AC8D7-A77E-4E99-973E-AEDEFDC711A5}.Release|ARM.ActiveCfg = Release|Any CPU
		{A97AC8D7-A77E-4E99-973E-AEDEFDC711A5}.Release|x64.ActiveCfg = Release|Any CPU
		{A97AC8D7-A77E-4E99-973E-AEDEFDC711A5}.Release|x86.ActiveCfg = Release|Any CPU
		{4C9DE63B-DA7F-4E65-8638-A4953F4A07E0}.Debug|Any CPU.ActiveCfg = Debug|Any CPU
		{4C9DE63B-DA7F-4E65-8638-A4953F4A07E0}.Debug|Any CPU.Build.0 = Debug|Any CPU
		{4C9DE63B-DA7F-4E65-8638-A4953F4A07E0}.Debug|ARM.ActiveCfg = Debug|Any CPU
		{4C9DE63B-DA7F-4E65-8638-A4953F4A07E0}.Debug|ARM.Build.0 = Debug|Any CPU
		{4C9DE63B-DA7F-4E65-8638-A4953F4A07E0}.Debug|x64.ActiveCfg = Debug|Any CPU
		{4C9DE63B-DA7F-4E65-8638-A4953F4A07E0}.Debug|x64.Build.0 = Debug|Any CPU
		{4C9DE63B-DA7F-4E65-8638-A4953F4A07E0}.Debug|x86.ActiveCfg = Debug|Any CPU
		{4C9DE63B-DA7F-4E65-8638-A4953F4A07E0}.Debug|x86.Build.0 = Debug|Any CPU
		{4C9DE63B-DA7F-4E65-8638-A4953F4A07E0}.Release|Any CPU.ActiveCfg = Release|Any CPU
		{4C9DE63B-DA7F-4E65-8638-A4953F4A07E0}.Release|Any CPU.Build.0 = Release|Any CPU
		{4C9DE63B-DA7F-4E65-8638-A4953F4A07E0}.Release|ARM.ActiveCfg = Release|Any CPU
		{4C9DE63B-DA7F-4E65-8638-A4953F4A07E0}.Release|x64.ActiveCfg = Release|Any CPU
		{4C9DE63B-DA7F-4E65-8638-A4953F4A07E0}.Release|x86.ActiveCfg = Release|Any CPU
		{0423E61F-EBFF-4CAC-B3E6-AB446E4DA4C8}.Debug|Any CPU.ActiveCfg = Debug|Any CPU
		{0423E61F-EBFF-4CAC-B3E6-AB446E4DA4C8}.Debug|Any CPU.Build.0 = Debug|Any CPU
		{0423E61F-EBFF-4CAC-B3E6-AB446E4DA4C8}.Debug|ARM.ActiveCfg = Debug|Any CPU
		{0423E61F-EBFF-4CAC-B3E6-AB446E4DA4C8}.Debug|ARM.Build.0 = Debug|Any CPU
		{0423E61F-EBFF-4CAC-B3E6-AB446E4DA4C8}.Debug|x64.ActiveCfg = Debug|Any CPU
		{0423E61F-EBFF-4CAC-B3E6-AB446E4DA4C8}.Debug|x64.Build.0 = Debug|Any CPU
		{0423E61F-EBFF-4CAC-B3E6-AB446E4DA4C8}.Debug|x86.ActiveCfg = Debug|Any CPU
		{0423E61F-EBFF-4CAC-B3E6-AB446E4DA4C8}.Debug|x86.Build.0 = Debug|Any CPU
		{0423E61F-EBFF-4CAC-B3E6-AB446E4DA4C8}.Release|Any CPU.ActiveCfg = Release|Any CPU
		{0423E61F-EBFF-4CAC-B3E6-AB446E4DA4C8}.Release|Any CPU.Build.0 = Release|Any CPU
		{0423E61F-EBFF-4CAC-B3E6-AB446E4DA4C8}.Release|ARM.ActiveCfg = Release|Any CPU
		{0423E61F-EBFF-4CAC-B3E6-AB446E4DA4C8}.Release|x64.ActiveCfg = Release|Any CPU
		{0423E61F-EBFF-4CAC-B3E6-AB446E4DA4C8}.Release|x86.ActiveCfg = Release|Any CPU
		{4A1F6C63-F97F-4E4B-A20C-8842CC486670}.Debug|Any CPU.ActiveCfg = Debug|Any CPU
		{4A1F6C63-F97F-4E4B-A20C-8842CC486670}.Debug|Any CPU.Build.0 = Debug|Any CPU
		{4A1F6C63-F97F-4E4B-A20C-8842CC486670}.Debug|ARM.ActiveCfg = Debug|Any CPU
		{4A1F6C63-F97F-4E4B-A20C-8842CC486670}.Debug|ARM.Build.0 = Debug|Any CPU
		{4A1F6C63-F97F-4E4B-A20C-8842CC486670}.Debug|x64.ActiveCfg = Debug|Any CPU
		{4A1F6C63-F97F-4E4B-A20C-8842CC486670}.Debug|x64.Build.0 = Debug|Any CPU
		{4A1F6C63-F97F-4E4B-A20C-8842CC486670}.Debug|x86.ActiveCfg = Debug|Any CPU
		{4A1F6C63-F97F-4E4B-A20C-8842CC486670}.Debug|x86.Build.0 = Debug|Any CPU
		{4A1F6C63-F97F-4E4B-A20C-8842CC486670}.Release|Any CPU.ActiveCfg = Release|Any CPU
		{4A1F6C63-F97F-4E4B-A20C-8842CC486670}.Release|Any CPU.Build.0 = Release|Any CPU
		{4A1F6C63-F97F-4E4B-A20C-8842CC486670}.Release|ARM.ActiveCfg = Release|Any CPU
		{4A1F6C63-F97F-4E4B-A20C-8842CC486670}.Release|x64.ActiveCfg = Release|Any CPU
		{4A1F6C63-F97F-4E4B-A20C-8842CC486670}.Release|x86.ActiveCfg = Release|Any CPU
		{D5E65CC0-2F09-47FC-AA26-74FC9E43DE01}.Debug|Any CPU.ActiveCfg = Debug|Any CPU
		{D5E65CC0-2F09-47FC-AA26-74FC9E43DE01}.Debug|Any CPU.Build.0 = Debug|Any CPU
		{D5E65CC0-2F09-47FC-AA26-74FC9E43DE01}.Debug|ARM.ActiveCfg = Debug|Any CPU
		{D5E65CC0-2F09-47FC-AA26-74FC9E43DE01}.Debug|ARM.Build.0 = Debug|Any CPU
		{D5E65CC0-2F09-47FC-AA26-74FC9E43DE01}.Debug|x64.ActiveCfg = Debug|Any CPU
		{D5E65CC0-2F09-47FC-AA26-74FC9E43DE01}.Debug|x64.Build.0 = Debug|Any CPU
		{D5E65CC0-2F09-47FC-AA26-74FC9E43DE01}.Debug|x86.ActiveCfg = Debug|Any CPU
		{D5E65CC0-2F09-47FC-AA26-74FC9E43DE01}.Debug|x86.Build.0 = Debug|Any CPU
		{D5E65CC0-2F09-47FC-AA26-74FC9E43DE01}.Release|Any CPU.ActiveCfg = Release|Any CPU
		{D5E65CC0-2F09-47FC-AA26-74FC9E43DE01}.Release|Any CPU.Build.0 = Release|Any CPU
		{D5E65CC0-2F09-47FC-AA26-74FC9E43DE01}.Release|ARM.ActiveCfg = Release|Any CPU
		{D5E65CC0-2F09-47FC-AA26-74FC9E43DE01}.Release|x64.ActiveCfg = Release|Any CPU
		{D5E65CC0-2F09-47FC-AA26-74FC9E43DE01}.Release|x86.ActiveCfg = Release|Any CPU
		{7264F4CF-E626-4069-B5A1-87D1D51EB3D9}.Debug|Any CPU.ActiveCfg = Debug|Any CPU
		{7264F4CF-E626-4069-B5A1-87D1D51EB3D9}.Debug|Any CPU.Build.0 = Debug|Any CPU
		{7264F4CF-E626-4069-B5A1-87D1D51EB3D9}.Debug|ARM.ActiveCfg = Debug|Any CPU
		{7264F4CF-E626-4069-B5A1-87D1D51EB3D9}.Debug|ARM.Build.0 = Debug|Any CPU
		{7264F4CF-E626-4069-B5A1-87D1D51EB3D9}.Debug|x64.ActiveCfg = Debug|Any CPU
		{7264F4CF-E626-4069-B5A1-87D1D51EB3D9}.Debug|x64.Build.0 = Debug|Any CPU
		{7264F4CF-E626-4069-B5A1-87D1D51EB3D9}.Debug|x86.ActiveCfg = Debug|Any CPU
		{7264F4CF-E626-4069-B5A1-87D1D51EB3D9}.Debug|x86.Build.0 = Debug|Any CPU
		{7264F4CF-E626-4069-B5A1-87D1D51EB3D9}.Release|Any CPU.ActiveCfg = Release|Any CPU
		{7264F4CF-E626-4069-B5A1-87D1D51EB3D9}.Release|Any CPU.Build.0 = Release|Any CPU
		{7264F4CF-E626-4069-B5A1-87D1D51EB3D9}.Release|ARM.ActiveCfg = Release|Any CPU
		{7264F4CF-E626-4069-B5A1-87D1D51EB3D9}.Release|x64.ActiveCfg = Release|Any CPU
		{7264F4CF-E626-4069-B5A1-87D1D51EB3D9}.Release|x86.ActiveCfg = Release|Any CPU
		{D2010AC3-D809-4C3B-8DBD-4C06D506E1E0}.Debug|Any CPU.ActiveCfg = Debug|Any CPU
		{D2010AC3-D809-4C3B-8DBD-4C06D506E1E0}.Debug|ARM.ActiveCfg = Debug|Any CPU
		{D2010AC3-D809-4C3B-8DBD-4C06D506E1E0}.Debug|ARM.Build.0 = Debug|Any CPU
		{D2010AC3-D809-4C3B-8DBD-4C06D506E1E0}.Debug|x64.ActiveCfg = Debug|Any CPU
		{D2010AC3-D809-4C3B-8DBD-4C06D506E1E0}.Debug|x64.Build.0 = Debug|Any CPU
		{D2010AC3-D809-4C3B-8DBD-4C06D506E1E0}.Debug|x86.ActiveCfg = Debug|Any CPU
		{D2010AC3-D809-4C3B-8DBD-4C06D506E1E0}.Debug|x86.Build.0 = Debug|Any CPU
		{D2010AC3-D809-4C3B-8DBD-4C06D506E1E0}.Release|Any CPU.ActiveCfg = Release|Any CPU
		{D2010AC3-D809-4C3B-8DBD-4C06D506E1E0}.Release|Any CPU.Build.0 = Release|Any CPU
		{D2010AC3-D809-4C3B-8DBD-4C06D506E1E0}.Release|Any CPU.Deploy.0 = Release|Any CPU
		{D2010AC3-D809-4C3B-8DBD-4C06D506E1E0}.Release|ARM.ActiveCfg = Release|Any CPU
		{D2010AC3-D809-4C3B-8DBD-4C06D506E1E0}.Release|x64.ActiveCfg = Release|Any CPU
		{D2010AC3-D809-4C3B-8DBD-4C06D506E1E0}.Release|x86.ActiveCfg = Release|Any CPU
		{A927A4B2-E383-4C4A-A1E8-1C4A0E53E093}.Debug|Any CPU.ActiveCfg = Debug|Any CPU
		{A927A4B2-E383-4C4A-A1E8-1C4A0E53E093}.Debug|ARM.ActiveCfg = Debug|Any CPU
		{A927A4B2-E383-4C4A-A1E8-1C4A0E53E093}.Debug|ARM.Build.0 = Debug|Any CPU
		{A927A4B2-E383-4C4A-A1E8-1C4A0E53E093}.Debug|x64.ActiveCfg = Debug|Any CPU
		{A927A4B2-E383-4C4A-A1E8-1C4A0E53E093}.Debug|x64.Build.0 = Debug|Any CPU
		{A927A4B2-E383-4C4A-A1E8-1C4A0E53E093}.Debug|x86.ActiveCfg = Debug|Any CPU
		{A927A4B2-E383-4C4A-A1E8-1C4A0E53E093}.Debug|x86.Build.0 = Debug|Any CPU
		{A927A4B2-E383-4C4A-A1E8-1C4A0E53E093}.Release|Any CPU.ActiveCfg = Release|Any CPU
		{A927A4B2-E383-4C4A-A1E8-1C4A0E53E093}.Release|Any CPU.Build.0 = Release|Any CPU
		{A927A4B2-E383-4C4A-A1E8-1C4A0E53E093}.Release|ARM.ActiveCfg = Release|Any CPU
		{A927A4B2-E383-4C4A-A1E8-1C4A0E53E093}.Release|x64.ActiveCfg = Release|Any CPU
		{A927A4B2-E383-4C4A-A1E8-1C4A0E53E093}.Release|x86.ActiveCfg = Release|Any CPU
		{888E0F53-9F3E-4DE3-9AB4-50283D005717}.Debug|Any CPU.ActiveCfg = Debug|Any CPU
		{888E0F53-9F3E-4DE3-9AB4-50283D005717}.Debug|ARM.ActiveCfg = Debug|Any CPU
		{888E0F53-9F3E-4DE3-9AB4-50283D005717}.Debug|ARM.Build.0 = Debug|Any CPU
		{888E0F53-9F3E-4DE3-9AB4-50283D005717}.Debug|x64.ActiveCfg = Debug|Any CPU
		{888E0F53-9F3E-4DE3-9AB4-50283D005717}.Debug|x64.Build.0 = Debug|Any CPU
		{888E0F53-9F3E-4DE3-9AB4-50283D005717}.Debug|x86.ActiveCfg = Debug|Any CPU
		{888E0F53-9F3E-4DE3-9AB4-50283D005717}.Debug|x86.Build.0 = Debug|Any CPU
		{888E0F53-9F3E-4DE3-9AB4-50283D005717}.Release|Any CPU.ActiveCfg = Release|Any CPU
		{888E0F53-9F3E-4DE3-9AB4-50283D005717}.Release|Any CPU.Build.0 = Release|Any CPU
		{888E0F53-9F3E-4DE3-9AB4-50283D005717}.Release|ARM.ActiveCfg = Release|Any CPU
		{888E0F53-9F3E-4DE3-9AB4-50283D005717}.Release|x64.ActiveCfg = Release|Any CPU
		{888E0F53-9F3E-4DE3-9AB4-50283D005717}.Release|x86.ActiveCfg = Release|Any CPU
		{D8C9D71D-8A33-4D76-9CEB-B3458D8EEBC3}.Debug|Any CPU.ActiveCfg = Debug|Any CPU
		{D8C9D71D-8A33-4D76-9CEB-B3458D8EEBC3}.Debug|ARM.ActiveCfg = Debug|ARM
		{D8C9D71D-8A33-4D76-9CEB-B3458D8EEBC3}.Debug|ARM.Build.0 = Debug|ARM
		{D8C9D71D-8A33-4D76-9CEB-B3458D8EEBC3}.Debug|ARM.Deploy.0 = Debug|ARM
		{D8C9D71D-8A33-4D76-9CEB-B3458D8EEBC3}.Debug|x64.ActiveCfg = Debug|x64
		{D8C9D71D-8A33-4D76-9CEB-B3458D8EEBC3}.Debug|x64.Build.0 = Debug|x64
		{D8C9D71D-8A33-4D76-9CEB-B3458D8EEBC3}.Debug|x64.Deploy.0 = Debug|x64
		{D8C9D71D-8A33-4D76-9CEB-B3458D8EEBC3}.Debug|x86.ActiveCfg = Debug|x86
		{D8C9D71D-8A33-4D76-9CEB-B3458D8EEBC3}.Debug|x86.Build.0 = Debug|x86
		{D8C9D71D-8A33-4D76-9CEB-B3458D8EEBC3}.Debug|x86.Deploy.0 = Debug|x86
		{D8C9D71D-8A33-4D76-9CEB-B3458D8EEBC3}.Release|Any CPU.ActiveCfg = Release|Any CPU
		{D8C9D71D-8A33-4D76-9CEB-B3458D8EEBC3}.Release|ARM.ActiveCfg = Release|ARM
		{D8C9D71D-8A33-4D76-9CEB-B3458D8EEBC3}.Release|ARM.Build.0 = Release|ARM
		{D8C9D71D-8A33-4D76-9CEB-B3458D8EEBC3}.Release|ARM.Deploy.0 = Release|ARM
		{D8C9D71D-8A33-4D76-9CEB-B3458D8EEBC3}.Release|x64.ActiveCfg = Release|x64
		{D8C9D71D-8A33-4D76-9CEB-B3458D8EEBC3}.Release|x64.Build.0 = Release|x64
		{D8C9D71D-8A33-4D76-9CEB-B3458D8EEBC3}.Release|x64.Deploy.0 = Release|x64
		{D8C9D71D-8A33-4D76-9CEB-B3458D8EEBC3}.Release|x86.ActiveCfg = Release|x86
		{D8C9D71D-8A33-4D76-9CEB-B3458D8EEBC3}.Release|x86.Build.0 = Release|x86
		{D8C9D71D-8A33-4D76-9CEB-B3458D8EEBC3}.Release|x86.Deploy.0 = Release|x86
		{A2448BAE-7138-442B-8959-9FC6FD2913F5}.Debug|Any CPU.ActiveCfg = Debug|Any CPU
		{A2448BAE-7138-442B-8959-9FC6FD2913F5}.Debug|ARM.ActiveCfg = Debug|ARM
		{A2448BAE-7138-442B-8959-9FC6FD2913F5}.Debug|ARM.Build.0 = Debug|ARM
		{A2448BAE-7138-442B-8959-9FC6FD2913F5}.Debug|x64.ActiveCfg = Debug|Any CPU
		{A2448BAE-7138-442B-8959-9FC6FD2913F5}.Debug|x64.Build.0 = Debug|Any CPU
		{A2448BAE-7138-442B-8959-9FC6FD2913F5}.Debug|x86.ActiveCfg = Debug|x86
		{A2448BAE-7138-442B-8959-9FC6FD2913F5}.Debug|x86.Build.0 = Debug|x86
		{A2448BAE-7138-442B-8959-9FC6FD2913F5}.Release|Any CPU.ActiveCfg = Release|Any CPU
		{A2448BAE-7138-442B-8959-9FC6FD2913F5}.Release|ARM.ActiveCfg = Release|ARM
		{A2448BAE-7138-442B-8959-9FC6FD2913F5}.Release|ARM.Build.0 = Release|ARM
		{A2448BAE-7138-442B-8959-9FC6FD2913F5}.Release|x64.ActiveCfg = Release|x64
		{A2448BAE-7138-442B-8959-9FC6FD2913F5}.Release|x64.Build.0 = Release|x64
		{A2448BAE-7138-442B-8959-9FC6FD2913F5}.Release|x86.ActiveCfg = Release|x86
		{A2448BAE-7138-442B-8959-9FC6FD2913F5}.Release|x86.Build.0 = Release|x86
		{E00242D8-25FB-4A15-A20D-FD40B86E875F}.Debug|Any CPU.ActiveCfg = Debug|Any CPU
		{E00242D8-25FB-4A15-A20D-FD40B86E875F}.Debug|ARM.ActiveCfg = Debug|ARM
		{E00242D8-25FB-4A15-A20D-FD40B86E875F}.Debug|ARM.Build.0 = Debug|ARM
		{E00242D8-25FB-4A15-A20D-FD40B86E875F}.Debug|x64.ActiveCfg = Debug|Any CPU
		{E00242D8-25FB-4A15-A20D-FD40B86E875F}.Debug|x64.Build.0 = Debug|Any CPU
		{E00242D8-25FB-4A15-A20D-FD40B86E875F}.Debug|x86.ActiveCfg = Debug|x86
		{E00242D8-25FB-4A15-A20D-FD40B86E875F}.Debug|x86.Build.0 = Debug|x86
		{E00242D8-25FB-4A15-A20D-FD40B86E875F}.Release|Any CPU.ActiveCfg = Release|Any CPU
		{E00242D8-25FB-4A15-A20D-FD40B86E875F}.Release|ARM.ActiveCfg = Release|ARM
		{E00242D8-25FB-4A15-A20D-FD40B86E875F}.Release|ARM.Build.0 = Release|ARM
		{E00242D8-25FB-4A15-A20D-FD40B86E875F}.Release|x64.ActiveCfg = Release|x64
		{E00242D8-25FB-4A15-A20D-FD40B86E875F}.Release|x64.Build.0 = Release|x64
		{E00242D8-25FB-4A15-A20D-FD40B86E875F}.Release|x86.ActiveCfg = Release|x86
		{E00242D8-25FB-4A15-A20D-FD40B86E875F}.Release|x86.Build.0 = Release|x86
		{AD7C7A5A-05DE-4432-A489-8F9999324858}.Debug|Any CPU.ActiveCfg = Debug|x64
		{AD7C7A5A-05DE-4432-A489-8F9999324858}.Debug|Any CPU.Build.0 = Debug|x64
		{AD7C7A5A-05DE-4432-A489-8F9999324858}.Debug|Any CPU.Deploy.0 = Debug|x64
		{AD7C7A5A-05DE-4432-A489-8F9999324858}.Debug|ARM.ActiveCfg = Debug|ARM
		{AD7C7A5A-05DE-4432-A489-8F9999324858}.Debug|ARM.Build.0 = Debug|ARM
		{AD7C7A5A-05DE-4432-A489-8F9999324858}.Debug|ARM.Deploy.0 = Debug|ARM
		{AD7C7A5A-05DE-4432-A489-8F9999324858}.Debug|x64.ActiveCfg = Debug|x64
		{AD7C7A5A-05DE-4432-A489-8F9999324858}.Debug|x64.Build.0 = Debug|x64
		{AD7C7A5A-05DE-4432-A489-8F9999324858}.Debug|x64.Deploy.0 = Debug|x64
		{AD7C7A5A-05DE-4432-A489-8F9999324858}.Debug|x86.ActiveCfg = Debug|x86
		{AD7C7A5A-05DE-4432-A489-8F9999324858}.Debug|x86.Build.0 = Debug|x86
		{AD7C7A5A-05DE-4432-A489-8F9999324858}.Debug|x86.Deploy.0 = Debug|x86
		{AD7C7A5A-05DE-4432-A489-8F9999324858}.Release|Any CPU.ActiveCfg = Release|x86
		{AD7C7A5A-05DE-4432-A489-8F9999324858}.Release|Any CPU.Build.0 = Release|x86
		{AD7C7A5A-05DE-4432-A489-8F9999324858}.Release|Any CPU.Deploy.0 = Release|x86
		{AD7C7A5A-05DE-4432-A489-8F9999324858}.Release|ARM.ActiveCfg = Release|ARM
		{AD7C7A5A-05DE-4432-A489-8F9999324858}.Release|ARM.Build.0 = Release|ARM
		{AD7C7A5A-05DE-4432-A489-8F9999324858}.Release|ARM.Deploy.0 = Release|ARM
		{AD7C7A5A-05DE-4432-A489-8F9999324858}.Release|x64.ActiveCfg = Release|x64
		{AD7C7A5A-05DE-4432-A489-8F9999324858}.Release|x64.Build.0 = Release|x64
		{AD7C7A5A-05DE-4432-A489-8F9999324858}.Release|x64.Deploy.0 = Release|x64
		{AD7C7A5A-05DE-4432-A489-8F9999324858}.Release|x86.ActiveCfg = Release|x86
		{AD7C7A5A-05DE-4432-A489-8F9999324858}.Release|x86.Build.0 = Release|x86
		{AD7C7A5A-05DE-4432-A489-8F9999324858}.Release|x86.Deploy.0 = Release|x86
		{4DBCF32B-032D-4064-A43A-D008C6F9DF11}.Debug|Any CPU.ActiveCfg = Debug|Any CPU
		{4DBCF32B-032D-4064-A43A-D008C6F9DF11}.Debug|Any CPU.Build.0 = Debug|Any CPU
		{4DBCF32B-032D-4064-A43A-D008C6F9DF11}.Debug|ARM.ActiveCfg = Debug|ARM
		{4DBCF32B-032D-4064-A43A-D008C6F9DF11}.Debug|ARM.Build.0 = Debug|ARM
		{4DBCF32B-032D-4064-A43A-D008C6F9DF11}.Debug|x64.ActiveCfg = Debug|x64
		{4DBCF32B-032D-4064-A43A-D008C6F9DF11}.Debug|x64.Build.0 = Debug|x64
		{4DBCF32B-032D-4064-A43A-D008C6F9DF11}.Debug|x86.ActiveCfg = Debug|x86
		{4DBCF32B-032D-4064-A43A-D008C6F9DF11}.Debug|x86.Build.0 = Debug|x86
		{4DBCF32B-032D-4064-A43A-D008C6F9DF11}.Release|Any CPU.ActiveCfg = Release|Any CPU
		{4DBCF32B-032D-4064-A43A-D008C6F9DF11}.Release|Any CPU.Build.0 = Release|Any CPU
		{4DBCF32B-032D-4064-A43A-D008C6F9DF11}.Release|ARM.ActiveCfg = Release|ARM
		{4DBCF32B-032D-4064-A43A-D008C6F9DF11}.Release|ARM.Build.0 = Release|ARM
		{4DBCF32B-032D-4064-A43A-D008C6F9DF11}.Release|x64.ActiveCfg = Release|x64
		{4DBCF32B-032D-4064-A43A-D008C6F9DF11}.Release|x64.Build.0 = Release|x64
		{4DBCF32B-032D-4064-A43A-D008C6F9DF11}.Release|x86.ActiveCfg = Release|x86
		{4DBCF32B-032D-4064-A43A-D008C6F9DF11}.Release|x86.Build.0 = Release|x86
		{0FE305C6-F7A3-46AD-BC5B-1D3C89757793}.Debug|Any CPU.ActiveCfg = Debug|Any CPU
		{0FE305C6-F7A3-46AD-BC5B-1D3C89757793}.Debug|Any CPU.Build.0 = Debug|Any CPU
		{0FE305C6-F7A3-46AD-BC5B-1D3C89757793}.Debug|ARM.ActiveCfg = Debug|ARM
		{0FE305C6-F7A3-46AD-BC5B-1D3C89757793}.Debug|ARM.Build.0 = Debug|ARM
		{0FE305C6-F7A3-46AD-BC5B-1D3C89757793}.Debug|x64.ActiveCfg = Debug|x64
		{0FE305C6-F7A3-46AD-BC5B-1D3C89757793}.Debug|x64.Build.0 = Debug|x64
		{0FE305C6-F7A3-46AD-BC5B-1D3C89757793}.Debug|x86.ActiveCfg = Debug|x86
		{0FE305C6-F7A3-46AD-BC5B-1D3C89757793}.Debug|x86.Build.0 = Debug|x86
		{0FE305C6-F7A3-46AD-BC5B-1D3C89757793}.Release|Any CPU.ActiveCfg = Release|Any CPU
		{0FE305C6-F7A3-46AD-BC5B-1D3C89757793}.Release|Any CPU.Build.0 = Release|Any CPU
		{0FE305C6-F7A3-46AD-BC5B-1D3C89757793}.Release|ARM.ActiveCfg = Release|ARM
		{0FE305C6-F7A3-46AD-BC5B-1D3C89757793}.Release|ARM.Build.0 = Release|ARM
		{0FE305C6-F7A3-46AD-BC5B-1D3C89757793}.Release|x64.ActiveCfg = Release|x64
		{0FE305C6-F7A3-46AD-BC5B-1D3C89757793}.Release|x64.Build.0 = Release|x64
		{0FE305C6-F7A3-46AD-BC5B-1D3C89757793}.Release|x86.ActiveCfg = Release|x86
		{0FE305C6-F7A3-46AD-BC5B-1D3C89757793}.Release|x86.Build.0 = Release|x86
	EndGlobalSection
	GlobalSection(SolutionProperties) = preSolution
		HideSolutionNode = FALSE
	EndGlobalSection
	GlobalSection(NestedProjects) = preSolution
		{A97AC8D7-A77E-4E99-973E-AEDEFDC711A5} = {3556E92C-B151-4D9F-A67E-612B60449538}
		{4C9DE63B-DA7F-4E65-8638-A4953F4A07E0} = {3556E92C-B151-4D9F-A67E-612B60449538}
		{0423E61F-EBFF-4CAC-B3E6-AB446E4DA4C8} = {3556E92C-B151-4D9F-A67E-612B60449538}
		{4A1F6C63-F97F-4E4B-A20C-8842CC486670} = {3556E92C-B151-4D9F-A67E-612B60449538}
		{D5E65CC0-2F09-47FC-AA26-74FC9E43DE01} = {3556E92C-B151-4D9F-A67E-612B60449538}
		{7264F4CF-E626-4069-B5A1-87D1D51EB3D9} = {3556E92C-B151-4D9F-A67E-612B60449538}
		{D2010AC3-D809-4C3B-8DBD-4C06D506E1E0} = {6EB781FC-B323-4676-AF09-C24226F7B940}
		{A927A4B2-E383-4C4A-A1E8-1C4A0E53E093} = {6EB781FC-B323-4676-AF09-C24226F7B940}
		{888E0F53-9F3E-4DE3-9AB4-50283D005717} = {6EB781FC-B323-4676-AF09-C24226F7B940}
		{D8C9D71D-8A33-4D76-9CEB-B3458D8EEBC3} = {414A1D59-AB9F-43E7-A04C-0296181F0299}
		{A2448BAE-7138-442B-8959-9FC6FD2913F5} = {414A1D59-AB9F-43E7-A04C-0296181F0299}
		{E00242D8-25FB-4A15-A20D-FD40B86E875F} = {414A1D59-AB9F-43E7-A04C-0296181F0299}
		{8139E752-9297-4EAD-A7F9-4C1617BA8012} = {FE0561B4-CBBA-40BB-A29F-004F66219127}
		{F9CFB966-0740-4611-B4C8-EE3C12B44C18} = {FE0561B4-CBBA-40BB-A29F-004F66219127}
		{52AAEEFD-171D-4C7A-A1B8-27E23F3A4D47} = {FE0561B4-CBBA-40BB-A29F-004F66219127}
		{1933AA40-BE2F-4454-84B8-53CE6787A050} = {52AAEEFD-171D-4C7A-A1B8-27E23F3A4D47}
		{BE01E981-91DD-49E8-9B7B-3B3C493F29A7} = {1933AA40-BE2F-4454-84B8-53CE6787A050}
		{77B10E7C-AA0D-4727-B645-375DB330ACA2} = {1933AA40-BE2F-4454-84B8-53CE6787A050}
		{61803A4B-2645-41F9-9738-37D52F522B65} = {52AAEEFD-171D-4C7A-A1B8-27E23F3A4D47}
		{EE2900D4-B8F2-4C84-AD3C-CFF3B9737A2A} = {61803A4B-2645-41F9-9738-37D52F522B65}
		{556A1BAD-0953-4FE8-8554-65B391DDF456} = {61803A4B-2645-41F9-9738-37D52F522B65}
		{AD7C7A5A-05DE-4432-A489-8F9999324858} = {CDD582E1-A878-4722-939F-56D42DFD15EC}
		{4DBCF32B-032D-4064-A43A-D008C6F9DF11} = {CDD582E1-A878-4722-939F-56D42DFD15EC}
		{0FE305C6-F7A3-46AD-BC5B-1D3C89757793} = {CDD582E1-A878-4722-939F-56D42DFD15EC}
	EndGlobalSection
EndGlobal
